schema: '2.0'
stages:
  data_ingestion:
    cmd: python src/cnnClassifier/pipeline/stage_01_data_ingestion.py
    deps:
    - path: config/config.yaml
      hash: md5
      md5: 44459e46d70ae7dbcd64f0b150fbee02
      size: 590
    - path: src/cnnClassifier/pipeline/stage_01_data_ingestion.py
      hash: md5
      md5: ab5be81b094a9cc423b08beae6c402d9
      size: 914
    outs:
    - path: artifacts/data_ingestion/training
      hash: md5
      md5: 01c5985ef5558975973caf23eab12005.dir
      size: 16610242
      nfiles: 483
  prepare_base_model:
    cmd: python src/cnnClassifier/pipeline/stage_02_prepare_base_model.py
    deps:
    - path: config/config.yaml
      hash: md5
      md5: 44459e46d70ae7dbcd64f0b150fbee02
      size: 590
    - path: src/cnnClassifier/pipeline/stage_02_prepare_base_model.py
      hash: md5
      md5: 3f41e803ec587c6a0908792b396af1ff
      size: 997
    params:
      params.yaml:
        CLASSES: 2
        IMAGE_SIZE:
        - 224
        - 224
        - 3
        INCLUDE_TOP: false
        LEARNING_RATE: 0.01
        WEIGHTS: imagenet
    outs:
    - path: artifacts/prepare_base_model
      hash: md5
      md5: 58b565a277ba11c750033c9737453298.dir
      size: 118054560
      nfiles: 2
  training:
    cmd: python src/cnnClassifier/pipeline/stage_03_model_trainer.py
    deps:
    - path: artifacts/data_ingestion/training
      hash: md5
      md5: 01c5985ef5558975973caf23eab12005.dir
      size: 16610242
      nfiles: 483
    - path: artifacts/prepare_base_model
      hash: md5
      md5: 58b565a277ba11c750033c9737453298.dir
      size: 118054560
      nfiles: 2
    - path: config/config.yaml
      hash: md5
      md5: 44459e46d70ae7dbcd64f0b150fbee02
      size: 590
    - path: src/cnnClassifier/pipeline/stage_03_model_trainer.py
      hash: md5
      md5: 6ec55f3955b9ecfe917352556b68fe5e
      size: 926
    params:
      params.yaml:
        AUGMENTATION: true
        BATCH_SIZE: 16
        EPOCHS: 1
        IMAGE_SIZE:
        - 224
        - 224
        - 3
    outs:
    - path: artifacts/training/model.h5
      hash: md5
      md5: 7963e02d9a939da104fffd590600379b
      size: 59337520
  evaluation:
    cmd: python src/cnnClassifier/pipeline/stage_04_model_evaluation.py
    deps:
    - path: artifacts/data_ingestion/training
      hash: md5
      md5: 01c5985ef5558975973caf23eab12005.dir
      size: 16610242
      nfiles: 483
    - path: artifacts/training/model.h5
      hash: md5
      md5: 7963e02d9a939da104fffd590600379b
      size: 59337520
    - path: config/config.yaml
      hash: md5
      md5: 44459e46d70ae7dbcd64f0b150fbee02
      size: 590
    - path: src/cnnClassifier/pipeline/stage_04_model_evaluation.py
      hash: md5
      md5: e5acfe1c4e9e0a3f116bebf9898cb1ee
      size: 938
    params:
      params.yaml:
        BATCH_SIZE: 16
        IMAGE_SIZE:
        - 224
        - 224
        - 3
    outs:
    - path: scores.json
      hash: md5
      md5: d65894f665af43760d0360d017fbabc1
      size: 73
